
Microsoft Visual Studio Solution File, Format Version 12.00
# Visual Studio Version 17
VisualStudioVersion = 17.6.33717.318
MinimumVisualStudioVersion = 10.0.40219.1
Project("{FAE04EC0-301F-11D3-BF4B-00C04F79EFBC}") = "TaskGroupCreator", "TaskGroupCreator.csproj", "{F15C237E-92BC-4A75-9806-41922ADF55AC}"
EndProject
Global
	GlobalSection(SolutionConfigurationPlatforms) = preSolution
		Debug|Any CPU = Debug|Any CPU
		Release|Any CPU = Release|Any CPU
	EndGlobalSection
	GlobalSection(ProjectConfigurationPlatforms) = postSolution
		{F15C237E-92BC-4A75-9806-41922ADF55AC}.Debug|Any CPU.ActiveCfg = Debug|Any CPU
		{F15C237E-92BC-4A75-9806-41922ADF55AC}.Debug|Any CPU.Build.0 = Debug|Any CPU
		{F15C237E-92BC-4A75-9806-41922ADF55AC}.Release|Any CPU.ActiveCfg = Release|Any CPU
		{F15C237E-92BC-4A75-9806-41922ADF55AC}.Release|Any CPU.Build.0 = Release|Any CPU
	EndGlobalSection
	GlobalSection(SolutionProperties) = preSolution
		HideSolutionNode = FALSE
	EndGlobalSection
	GlobalSection(ExtensibilityGlobals) = postSolution
		SolutionGuid = {1A35A314-B17D-4009-A6DC-E8FC15C35602}
	EndGlobalSection
EndGlobal
